
Microsoft Visual Studio Solution File, Format Version 12.00
# Visual Studio Version 17
VisualStudioVersion = 17.13.35825.156
MinimumVisualStudioVersion = 10.0.40219.1
Project("{8BC9CEB8-8B4A-11D0-8D11-00A0C91BC942}") = "Haushaltsbuch", "Haushaltsbuch\Haushaltsbuch.vcxproj", "{9B43B381-2AFF-4FB3-82D7-27C3B445BCDE}"
EndProject
Global
	GlobalSection(SolutionConfigurationPlatforms) = preSolution
		Debug|x64 = Debug|x64
		Release|x64 = Release|x64
	EndGlobalSection
	GlobalSection(ProjectConfigurationPlatforms) = postSolution
		{9B43B381-2AFF-4FB3-82D7-27C3B445BCDE}.Debug|x64.ActiveCfg = Debug|x64
		{9B43B381-2AFF-4FB3-82D7-27C3B445BCDE}.Debug|x64.Build.0 = Debug|x64
		{9B43B381-2AFF-4FB3-82D7-27C3B445BCDE}.Release|x64.ActiveCfg = Release|x64
		{9B43B381-2AFF-4FB3-82D7-27C3B445BCDE}.Release|x64.Build.0 = Release|x64
	EndGlobalSection
	GlobalSection(SolutionProperties) = preSolution
		HideSolutionNode = FALSE
	EndGlobalSection
	GlobalSection(ExtensibilityGlobals) = postSolution
		SolutionGuid = {FFC22E1D-9C3B-48BA-896D-355BC8562DA2}
	EndGlobalSection
EndGlobal
