<?xml version="1.0" encoding="utf-8"?>
<Project ToolsVersion="4.0" xmlns="http://schemas.microsoft.com/developer/msbuild/2003">
  <ItemGroup>
    <Filter Include="models">
      <UniqueIdentifier>{992c4c69-57a4-4402-ab78-9c12ee21c441}</UniqueIdentifier>
    </Filter>
    <Filter Include="views">
      <UniqueIdentifier>{f46bc867-4bdc-4bf0-9998-fe51f7404dea}</UniqueIdentifier>
    </Filter>
    <Filter Include="controllers">
      <UniqueIdentifier>{89c4f61c-d1e2-4fb5-8cc2-f1a048c1fe0e}</UniqueIdentifier>
    </Filter>
    <Filter Include="res">
      <UniqueIdentifier>{67DA6AB6-F800-4c08-8B7A-83BB121AAD01}</UniqueIdentifier>
      <Extensions>qrc;rc;ico;cur;bmp;dlg;rc2;rct;bin;rgs;gif;jpg;jpeg;jpe;resx;tiff;tif;png;wav;mfcribbon-ms</Extensions>
    </Filter>
    <Filter Include="views\tabs">
      <UniqueIdentifier>{0392d0de-b03b-47e0-8dbd-5e2975027465}</UniqueIdentifier>
    </Filter>
    <Filter Include="views\reports">
      <UniqueIdentifier>{7a333fbb-70a2-44b5-a2af-046504dc434a}</UniqueIdentifier>
    </Filter>
    <Filter Include="utils">
      <UniqueIdentifier>{0f77d9f4-3bd0-4164-b7e3-541a148df800}</UniqueIdentifier>
    </Filter>
  </ItemGroup>
  <ItemGroup>
    <QtUic Include="transactiondialog.ui">
      <Filter>views</Filter>
    </QtUic>
    <QtUic Include="MainWindow.ui">
      <Filter>views</Filter>
    </QtUic>
    <QtUic Include="budgetdialog.ui">
      <Filter>views</Filter>
    </QtUic>
  </ItemGroup>
  <ItemGroup>
    <QtRcc Include="Resource.qrc">
      <Filter>res</Filter>
    </QtRcc>
  </ItemGroup>
  <ItemGroup>
    <ClCompile Include="transactions.cpp">
      <Filter>models</Filter>
    </ClCompile>
    <ClCompile Include="main.cpp" />
    <ClCompile Include="budget.cpp">
      <Filter>models</Filter>
    </ClCompile>
    <ClCompile Include="Account.cpp">
      <Filter>models</Filter>
    </ClCompile>
    <ClCompile Include="database.cpp">
      <Filter>models</Filter>
    </ClCompile>
    <ClCompile Include="budgetcontroller.cpp">
      <Filter>controllers</Filter>
    </ClCompile>
    <ClCompile Include="transactioncontroller.cpp">
      <Filter>controllers</Filter>
    </ClCompile>
    <ClCompile Include="mainwindow.cpp">
      <Filter>views</Filter>
    </ClCompile>
    <ClCompile Include="transactiondialog.cpp">
      <Filter>views</Filter>
    </ClCompile>
    <ClCompile Include="budgetdialog.cpp">
      <Filter>views</Filter>
    </ClCompile>
    <ClCompile Include="transactionstab.cpp">
      <Filter>views\tabs</Filter>
    </ClCompile>
    <ClCompile Include="budgettab.cpp">
      <Filter>views\tabs</Filter>
    </ClCompile>
    <ClCompile Include="reportstab.cpp">
      <Filter>views\tabs</Filter>
    </ClCompile>
    <ClCompile Include="incomeexpensereport.cpp">
      <Filter>views\reports</Filter>
    </ClCompile>
    <ClCompile Include="expensecategoryreport.cpp">
      <Filter>views\reports</Filter>
    </ClCompile>
    <ClCompile Include="budgetoverviewreport.cpp">
      <Filter>views\reports</Filter>
    </ClCompile>
    <ClCompile Include="currencyformatter.cpp">
      <Filter>utils</Filter>
    </ClCompile>
  </ItemGroup>
  <ItemGroup>
    <ClInclude Include="transactions.h">
      <Filter>models</Filter>
    </ClInclude>
    <ClInclude Include="budget.h">
      <Filter>models</Filter>
    </ClInclude>
    <ClInclude Include="Account.h">
      <Filter>models</Filter>
    </ClInclude>
    <ClInclude Include="database.h">
      <Filter>models</Filter>
    </ClInclude>
    <ClInclude Include="budgetcontroller.h">
      <Filter>controllers</Filter>
    </ClInclude>
    <ClInclude Include="transactioncontroller.h">
      <Filter>controllers</Filter>
    </ClInclude>
    <ClInclude Include="incomeexpensereport.h">
      <Filter>views\reports</Filter>
    </ClInclude>
    <ClInclude Include="expensecategoryreport.h">
      <Filter>views\reports</Filter>
    </ClInclude>
    <ClInclude Include="budgetoverviewreport.h">
      <Filter>views\reports</Filter>
    </ClInclude>
    <ClInclude Include="currencyformatter.h">
      <Filter>utils</Filter>
    </ClInclude>
  </ItemGroup>
  <ItemGroup>
    <QtMoc Include="mainwindow.h">
      <Filter>views</Filter>
    </QtMoc>
    <QtMoc Include="transactiondialog.h">
      <Filter>views</Filter>
    </QtMoc>
    <QtMoc Include="budgetdialog.h">
      <Filter>views</Filter>
    </QtMoc>
    <QtMoc Include="transactionstab.h">
      <Filter>views\tabs</Filter>
    </QtMoc>
    <QtMoc Include="budgettab.h">
      <Filter>views\tabs</Filter>
    </QtMoc>
    <QtMoc Include="reportstab.h">
      <Filter>views\tabs</Filter>
    </QtMoc>
    <QtMoc Include="reportgenerator.h">
      <Filter>views\reports</Filter>
    </QtMoc>
  </ItemGroup>
</Project>